// !$*UTF8*$!
{
	archiveVersion = 1;
	classes = {
	};
	objectVersion = 46;
	objects = {

/* Begin PBXBuildFile section */
		7D1C7F671F4BD817006C8763 /* Utils.swift in Sources */ = {isa = PBXBuildFile; fileRef = 7D1C7F661F4BD817006C8763 /* Utils.swift */; };
		7D9950951F4B8A0100C8F7FC /* AppDelegate.swift in Sources */ = {isa = PBXBuildFile; fileRef = 7D9950941F4B8A0100C8F7FC /* AppDelegate.swift */; };
		7D9950971F4B8A0100C8F7FC /* ActividadesViewController.swift in Sources */ = {isa = PBXBuildFile; fileRef = 7D9950961F4B8A0100C8F7FC /* ActividadesViewController.swift */; };
		7D99509A1F4B8A0100C8F7FC /* Main.storyboard in Resources */ = {isa = PBXBuildFile; fileRef = 7D9950981F4B8A0100C8F7FC /* Main.storyboard */; };
		7D99509D1F4B8A0100C8F7FC /* CRUD.xcdatamodeld in Sources */ = {isa = PBXBuildFile; fileRef = 7D99509B1F4B8A0100C8F7FC /* CRUD.xcdatamodeld */; };
		7D99509F1F4B8A0100C8F7FC /* Assets.xcassets in Resources */ = {isa = PBXBuildFile; fileRef = 7D99509E1F4B8A0100C8F7FC /* Assets.xcassets */; };
		7D9950A21F4B8A0100C8F7FC /* LaunchScreen.storyboard in Resources */ = {isa = PBXBuildFile; fileRef = 7D9950A01F4B8A0100C8F7FC /* LaunchScreen.storyboard */; };
		7D9950AA1F4B91A000C8F7FC /* AgregarActividadViewController.swift in Sources */ = {isa = PBXBuildFile; fileRef = 7D9950A91F4B91A000C8F7FC /* AgregarActividadViewController.swift */; };
		7D9950AC1F4B91FC00C8F7FC /* ActividadesDAO.swift in Sources */ = {isa = PBXBuildFile; fileRef = 7D9950AB1F4B91FC00C8F7FC /* ActividadesDAO.swift */; };
/* End PBXBuildFile section */

/* Begin PBXFileReference section */
		7D1C7F661F4BD817006C8763 /* Utils.swift */ = {isa = PBXFileReference; fileEncoding = 4; lastKnownFileType = sourcecode.swift; path = Utils.swift; sourceTree = "<group>"; };
		7D9950911F4B8A0100C8F7FC /* CRUD.app */ = {isa = PBXFileReference; explicitFileType = wrapper.application; includeInIndex = 0; path = CRUD.app; sourceTree = BUILT_PRODUCTS_DIR; };
		7D9950941F4B8A0100C8F7FC /* AppDelegate.swift */ = {isa = PBXFileReference; lastKnownFileType = sourcecode.swift; path = AppDelegate.swift; sourceTree = "<group>"; };
		7D9950961F4B8A0100C8F7FC /* ActividadesViewController.swift */ = {isa = PBXFileReference; lastKnownFileType = sourcecode.swift; path = ActividadesViewController.swift; sourceTree = "<group>"; };
		7D9950991F4B8A0100C8F7FC /* Base */ = {isa = PBXFileReference; lastKnownFileType = file.storyboard; name = Base; path = Base.lproj/Main.storyboard; sourceTree = "<group>"; };
		7D99509C1F4B8A0100C8F7FC /* CRUD.xcdatamodel */ = {isa = PBXFileReference; lastKnownFileType = wrapper.xcdatamodel; path = CRUD.xcdatamodel; sourceTree = "<group>"; };
		7D99509E1F4B8A0100C8F7FC /* Assets.xcassets */ = {isa = PBXFileReference; lastKnownFileType = folder.assetcatalog; path = Assets.xcassets; sourceTree = "<group>"; };
		7D9950A11F4B8A0100C8F7FC /* Base */ = {isa = PBXFileReference; lastKnownFileType = file.storyboard; name = Base; path = Base.lproj/LaunchScreen.storyboard; sourceTree = "<group>"; };
		7D9950A31F4B8A0100C8F7FC /* Info.plist */ = {isa = PBXFileReference; lastKnownFileType = text.plist.xml; path = Info.plist; sourceTree = "<group>"; };
		7D9950A91F4B91A000C8F7FC /* AgregarActividadViewController.swift */ = {isa = PBXFileReference; fileEncoding = 4; lastKnownFileType = sourcecode.swift; path = AgregarActividadViewController.swift; sourceTree = "<group>"; };
		7D9950AB1F4B91FC00C8F7FC /* ActividadesDAO.swift */ = {isa = PBXFileReference; fileEncoding = 4; lastKnownFileType = sourcecode.swift; path = ActividadesDAO.swift; sourceTree = "<group>"; };
/* End PBXFileReference section */

/* Begin PBXFrameworksBuildPhase section */
		7D99508E1F4B8A0100C8F7FC /* Frameworks */ = {
			isa = PBXFrameworksBuildPhase;
			buildActionMask = 2147483647;
			files = (
			);
			runOnlyForDeploymentPostprocessing = 0;
		};
/* End PBXFrameworksBuildPhase section */

/* Begin PBXGroup section */
		7D9950881F4B8A0100C8F7FC = {
			isa = PBXGroup;
			children = (
				7D9950931F4B8A0100C8F7FC /* CRUD */,
				7D9950921F4B8A0100C8F7FC /* Products */,
			);
			sourceTree = "<group>";
		};
		7D9950921F4B8A0100C8F7FC /* Products */ = {
			isa = PBXGroup;
			children = (
				7D9950911F4B8A0100C8F7FC /* CRUD.app */,
			);
			name = Products;
			sourceTree = "<group>";
		};
		7D9950931F4B8A0100C8F7FC /* CRUD */ = {
			isa = PBXGroup;
			children = (
				7D9950941F4B8A0100C8F7FC /* AppDelegate.swift */,
				7D9950961F4B8A0100C8F7FC /* ActividadesViewController.swift */,
				7D1C7F661F4BD817006C8763 /* Utils.swift */,
				7D9950A91F4B91A000C8F7FC /* AgregarActividadViewController.swift */,
				7D9950AB1F4B91FC00C8F7FC /* ActividadesDAO.swift */,
				7D9950981F4B8A0100C8F7FC /* Main.storyboard */,
				7D99509E1F4B8A0100C8F7FC /* Assets.xcassets */,
				7D9950A01F4B8A0100C8F7FC /* LaunchScreen.storyboard */,
				7D9950A31F4B8A0100C8F7FC /* Info.plist */,
				7D99509B1F4B8A0100C8F7FC /* CRUD.xcdatamodeld */,
			);
			path = CRUD;
			sourceTree = "<group>";
		};
/* End PBXGroup section */

/* Begin PBXNativeTarget section */
		7D9950901F4B8A0100C8F7FC /* CRUD */ = {
			isa = PBXNativeTarget;
			buildConfigurationList = 7D9950A61F4B8A0100C8F7FC /* Build configuration list for PBXNativeTarget "CRUD" */;
			buildPhases = (
				7D99508D1F4B8A0100C8F7FC /* Sources */,
				7D99508E1F4B8A0100C8F7FC /* Frameworks */,
				7D99508F1F4B8A0100C8F7FC /* Resources */,
			);
			buildRules = (
			);
			dependencies = (
			);
			name = CRUD;
			productName = CRUD;
			productReference = 7D9950911F4B8A0100C8F7FC /* CRUD.app */;
			productType = "com.apple.product-type.application";
		};
/* End PBXNativeTarget section */

/* Begin PBXProject section */
		7D9950891F4B8A0100C8F7FC /* Project object */ = {
			isa = PBXProject;
			attributes = {
				LastSwiftUpdateCheck = 0830;
				LastUpgradeCheck = 0830;
				ORGANIZATIONNAME = "Miguel Mexicano Herrera";
				TargetAttributes = {
					7D9950901F4B8A0100C8F7FC = {
						CreatedOnToolsVersion = 8.3.3;
						DevelopmentTeam = MC2W678MVZ;
						ProvisioningStyle = Automatic;
					};
				};
			};
			buildConfigurationList = 7D99508C1F4B8A0100C8F7FC /* Build configuration list for PBXProject "CRUD" */;
			compatibilityVersion = "Xcode 3.2";
			developmentRegion = English;
			hasScannedForEncodings = 0;
			knownRegions = (
				en,
				Base,
			);
			mainGroup = 7D9950881F4B8A0100C8F7FC;
			productRefGroup = 7D9950921F4B8A0100C8F7FC /* Products */;
			projectDirPath = "";
			projectRoot = "";
			targets = (
				7D9950901F4B8A0100C8F7FC /* CRUD */,
			);
		};
/* End PBXProject section */

/* Begin PBXResourcesBuildPhase section */
		7D99508F1F4B8A0100C8F7FC /* Resources */ = {
			isa = PBXResourcesBuildPhase;
			buildActionMask = 2147483647;
			files = (
				7D9950A21F4B8A0100C8F7FC /* LaunchScreen.storyboard in Resources */,
				7D99509F1F4B8A0100C8F7FC /* Assets.xcassets in Resources */,
				7D99509A1F4B8A0100C8F7FC /* Main.storyboard in Resources */,
			);
			runOnlyForDeploymentPostprocessing = 0;
		};
/* End PBXResourcesBuildPhase section */

/* Begin PBXSourcesBuildPhase section */
		7D99508D1F4B8A0100C8F7FC /* Sources */ = {
			isa = PBXSourcesBuildPhase;
			buildActionMask = 2147483647;
			files = (
				7D9950AA1F4B91A000C8F7FC /* AgregarActividadViewController.swift in Sources */,
				7D9950971F4B8A0100C8F7FC /* ActividadesViewController.swift in Sources */,
				7D99509D1F4B8A0100C8F7FC /* CRUD.xcdatamodeld in Sources */,
				7D9950AC1F4B91FC00C8F7FC /* ActividadesDAO.swift in Sources */,
				7D9950951F4B8A0100C8F7FC /* AppDelegate.swift in Sources */,
				7D1C7F671F4BD817006C8763 /* Utils.swift in Sources */,
			);
			runOnlyForDeploymentPostprocessing = 0;
		};
/* End PBXSourcesBuildPhase section */

/* Begin PBXVariantGroup section */
		7D9950981F4B8A0100C8F7FC /* Main.storyboard */ = {
			isa = PBXVariantGroup;
			children = (
				7D9950991F4B8A0100C8F7FC /* Base */,
			);
			name = Main.storyboard;
			sourceTree = "<group>";
		};
		7D9950A01F4B8A0100C8F7FC /* LaunchScreen.storyboard */ = {
			isa = PBXVariantGroup;
			children = (
				7D9950A11F4B8A0100C8F7FC /* Base */,
			);
			name = LaunchScreen.storyboard;
			sourceTree = "<group>";
		};
/* End PBXVariantGroup section */

/* Begin XCBuildConfiguration section */
		7D9950A41F4B8A0100C8F7FC /* Debug */ = {
			isa = XCBuildConfiguration;
			buildSettings = {
				ALWAYS_SEARCH_USER_PATHS = NO;
				CLANG_ANALYZER_NONNULL = YES;
				CLANG_ANALYZER_NUMBER_OBJECT_CONVERSION = YES_AGGRESSIVE;
				CLANG_CXX_LANGUAGE_STANDARD = "gnu++0x";
				CLANG_CXX_LIBRARY = "libc++";
				CLANG_ENABLE_MODULES = YES;
				CLANG_ENABLE_OBJC_ARC = YES;
				CLANG_WARN_BOOL_CONVERSION = YES;
				CLANG_WARN_CONSTANT_CONVERSION = YES;
				CLANG_WARN_DIRECT_OBJC_ISA_USAGE = YES_ERROR;
				CLANG_WARN_DOCUMENTATION_COMMENTS = YES;
				CLANG_WARN_EMPTY_BODY = YES;
				CLANG_WARN_ENUM_CONVERSION = YES;
				CLANG_WARN_INFINITE_RECURSION = YES;
				CLANG_WARN_INT_CONVERSION = YES;
				CLANG_WARN_OBJC_ROOT_CLASS = YES_ERROR;
				CLANG_WARN_SUSPICIOUS_MOVE = YES;
				CLANG_WARN_UNREACHABLE_CODE = YES;
				CLANG_WARN__DUPLICATE_METHOD_MATCH = YES;
				"CODE_SIGN_IDENTITY[sdk=iphoneos*]" = "iPhone Developer";
				COPY_PHASE_STRIP = NO;
				DEBUG_INFORMATION_FORMAT = dwarf;
				ENABLE_STRICT_OBJC_MSGSEND = YES;
				ENABLE_TESTABILITY = YES;
				GCC_C_LANGUAGE_STANDARD = gnu99;
				GCC_DYNAMIC_NO_PIC = NO;
				GCC_NO_COMMON_BLOCKS = YES;
				GCC_OPTIMIZATION_LEVEL = 0;
				GCC_PREPROCESSOR_DEFINITIONS = (
					"DEBUG=1",
					"$(inherited)",
				);
				GCC_WARN_64_TO_32_BIT_CONVERSION = YES;
				GCC_WARN_ABOUT_RETURN_TYPE = YES_ERROR;
				GCC_WARN_UNDECLARED_SELECTOR = YES;
				GCC_WARN_UNINITIALIZED_AUTOS = YES_AGGRESSIVE;
				GCC_WARN_UNUSED_FUNCTION = YES;
				GCC_WARN_UNUSED_VARIABLE = YES;
				IPHONEOS_DEPLOYMENT_TARGET = 10.3;
				MTL_ENABLE_DEBUG_INFO = YES;
				ONLY_ACTIVE_ARCH = YES;
				SDKROOT = iphoneos;
				SWIFT_ACTIVE_COMPILATION_CONDITIONS = DEBUG;
				SWIFT_OPTIMIZATION_LEVEL = "-Onone";
				TARGETED_DEVICE_FAMILY = "1,2";
			};
			name = Debug;
		};
		7D9950A51F4B8A0100C8F7FC /* Release */ = {
			isa = XCBuildConfiguration;
			buildSettings = {
				ALWAYS_SEARCH_USER_PATHS = NO;
				CLANG_ANALYZER_NONNULL = YES;
				CLANG_ANALYZER_NUMBER_OBJECT_CONVERSION = YES_AGGRESSIVE;
				CLANG_CXX_LANGUAGE_STANDARD = "gnu++0x";
				CLANG_CXX_LIBRARY = "libc++";
				CLANG_ENABLE_MODULES = YES;
				CLANG_ENABLE_OBJC_ARC = YES;
				CLANG_WARN_BOOL_CONVERSION = YES;
				CLANG_WARN_CONSTANT_CONVERSION = YES;
				CLANG_WARN_DIRECT_OBJC_ISA_USAGE = YES_ERROR;
				CLANG_WARN_DOCUMENTATION_COMMENTS = YES;
				CLANG_WARN_EMPTY_BODY = YES;
				CLANG_WARN_ENUM_CONVERSION = YES;
				CLANG_WARN_INFINITE_RECURSION = YES;
				CLANG_WARN_INT_CONVERSION = YES;
				CLANG_WARN_OBJC_ROOT_CLASS = YES_ERROR;
				CLANG_WARN_SUSPICIOUS_MOVE = YES;
				CLANG_WARN_UNREACHABLE_CODE = YES;
				CLANG_WARN__DUPLICATE_METHOD_MATCH = YES;
				"CODE_SIGN_IDENTITY[sdk=iphoneos*]" = "iPhone Developer";
				COPY_PHASE_STRIP = NO;
				DEBUG_INFORMATION_FORMAT = "dwarf-with-dsym";
				ENABLE_NS_ASSERTIONS = NO;
				ENABLE_STRICT_OBJC_MSGSEND = YES;
				GCC_C_LANGUAGE_STANDARD = gnu99;
				GCC_NO_COMMON_BLOCKS = YES;
				GCC_WARN_64_TO_32_BIT_CONVERSION = YES;
				GCC_WARN_ABOUT_RETURN_TYPE = YES_ERROR;
				GCC_WARN_UNDECLARED_SELECTOR = YES;
				GCC_WARN_UNINITIALIZED_AUTOS = YES_AGGRESSIVE;
				GCC_WARN_UNUSED_FUNCTION = YES;
				GCC_WARN_UNUSED_VARIABLE = YES;
				IPHONEOS_DEPLOYMENT_TARGET = 10.3;
				MTL_ENABLE_DEBUG_INFO = NO;
				SDKROOT = iphoneos;
				SWIFT_OPTIMIZATION_LEVEL = "-Owholemodule";
				TARGETED_DEVICE_FAMILY = "1,2";
				VALIDATE_PRODUCT = YES;
			};
			name = Release;
		};
		7D9950A71F4B8A0100C8F7FC /* Debug */ = {
			isa = XCBuildConfiguration;
			buildSettings = {
				ASSETCATALOG_COMPILER_APPICON_NAME = AppIcon;
				DEVELOPMENT_TEAM = MC2W678MVZ;
				INFOPLIST_FILE = CRUD/Info.plist;
				LD_RUNPATH_SEARCH_PATHS = "$(inherited) @executable_path/Frameworks";
				PRODUCT_BUNDLE_IDENTIFIER = mx.com.nut.CRUD;
				PRODUCT_NAME = "$(TARGET_NAME)";
				SWIFT_VERSION = 3.0;
			};
			name = Debug;
		};
		7D9950A81F4B8A0100C8F7FC /* Release */ = {
			isa = XCBuildConfiguration;
			buildSettings = {
				ASSETCATALOG_COMPILER_APPICON_NAME = AppIcon;
				DEVELOPMENT_TEAM = MC2W678MVZ;
				INFOPLIST_FILE = CRUD/Info.plist;
				LD_RUNPATH_SEARCH_PATHS = "$(inherited) @executable_path/Frameworks";
				PRODUCT_BUNDLE_IDENTIFIER = mx.com.nut.CRUD;
				PRODUCT_NAME = "$(TARGET_NAME)";
				SWIFT_VERSION = 3.0;
			};
			name = Release;
		};
/* End XCBuildConfiguration section */

/* Begin XCConfigurationList section */
		7D99508C1F4B8A0100C8F7FC /* Build configuration list for PBXProject "CRUD" */ = {
			isa = XCConfigurationList;
			buildConfigurations = (
				7D9950A41F4B8A0100C8F7FC /* Debug */,
				7D9950A51F4B8A0100C8F7FC /* Release */,
			);
			defaultConfigurationIsVisible = 0;
			defaultConfigurationName = Release;
		};
		7D9950A61F4B8A0100C8F7FC /* Build configuration list for PBXNativeTarget "CRUD" */ = {
			isa = XCConfigurationList;
			buildConfigurations = (
				7D9950A71F4B8A0100C8F7FC /* Debug */,
				7D9950A81F4B8A0100C8F7FC /* Release */,
			);
			defaultConfigurationIsVisible = 0;
			defaultConfigurationName = Release;
		};
/* End XCConfigurationList section */

/* Begin XCVersionGroup section */
		7D99509B1F4B8A0100C8F7FC /* CRUD.xcdatamodeld */ = {
			isa = XCVersionGroup;
			children = (
				7D99509C1F4B8A0100C8F7FC /* CRUD.xcdatamodel */,
			);
			currentVersion = 7D99509C1F4B8A0100C8F7FC /* CRUD.xcdatamodel */;
			path = CRUD.xcdatamodeld;
			sourceTree = "<group>";
			versionGroupType = wrapper.xcdatamodel;
		};
/* End XCVersionGroup section */
	};
	rootObject = 7D9950891F4B8A0100C8F7FC /* Project object */;
}
